
Microsoft Visual Studio Solution File, Format Version 12.00
# Visual Studio Version 16
VisualStudioVersion = 16.0.30503.244
MinimumVisualStudioVersion = 10.0.40219.1
Project("{FAE04EC0-301F-11D3-BF4B-00C04F79EFBC}") = "PraktikumWeek15", "PraktikumWeek15\PraktikumWeek15.csproj", "{04A40C04-94E1-449C-82D4-27623BDFE4D7}"
EndProject
Global
	GlobalSection(SolutionConfigurationPlatforms) = preSolution
		Debug|Any CPU = Debug|Any CPU
		Release|Any CPU = Release|Any CPU
	EndGlobalSection
	GlobalSection(ProjectConfigurationPlatforms) = postSolution
		{04A40C04-94E1-449C-82D4-27623BDFE4D7}.Debug|Any CPU.ActiveCfg = Debug|Any CPU
		{04A40C04-94E1-449C-82D4-27623BDFE4D7}.Debug|Any CPU.Build.0 = Debug|Any CPU
		{04A40C04-94E1-449C-82D4-27623BDFE4D7}.Release|Any CPU.ActiveCfg = Release|Any CPU
		{04A40C04-94E1-449C-82D4-27623BDFE4D7}.Release|Any CPU.Build.0 = Release|Any CPU
	EndGlobalSection
	GlobalSection(SolutionProperties) = preSolution
		HideSolutionNode = FALSE
	EndGlobalSection
	GlobalSection(ExtensibilityGlobals) = postSolution
		SolutionGuid = {D93EABFB-4D4B-485C-9EEE-351416B59EEB}
	EndGlobalSection
EndGlobal
